
Microsoft Visual Studio Solution File, Format Version 12.00
# Visual Studio Version 17
VisualStudioVersion = 17.11.35327.3
MinimumVisualStudioVersion = 10.0.40219.1
Project("{FAE04EC0-301F-11D3-BF4B-00C04F79EFBC}") = "weather-service", "weather-service.csproj", "{38A16DDB-2B4D-490B-B198-968FDAA142BC}"
EndProject
Global
	GlobalSection(SolutionConfigurationPlatforms) = preSolution
		Debug|Any CPU = Debug|Any CPU
		Release|Any CPU = Release|Any CPU
	EndGlobalSection
	GlobalSection(ProjectConfigurationPlatforms) = postSolution
		{38A16DDB-2B4D-490B-B198-968FDAA142BC}.Debug|Any CPU.ActiveCfg = Debug|Any CPU
		{38A16DDB-2B4D-490B-B198-968FDAA142BC}.Debug|Any CPU.Build.0 = Debug|Any CPU
		{38A16DDB-2B4D-490B-B198-968FDAA142BC}.Release|Any CPU.ActiveCfg = Release|Any CPU
		{38A16DDB-2B4D-490B-B198-968FDAA142BC}.Release|Any CPU.Build.0 = Release|Any CPU
	EndGlobalSection
	GlobalSection(SolutionProperties) = preSolution
		HideSolutionNode = FALSE
	EndGlobalSection
	GlobalSection(ExtensibilityGlobals) = postSolution
		SolutionGuid = {3008D60F-2F0C-4CE5-AD65-9EB6448FC6D9}
	EndGlobalSection
EndGlobal
